
Microsoft Visual Studio Solution File, Format Version 12.00
Project("{FAE04EC0-301F-11D3-BF4B-00C04F79EFBC}") = "rubyc-web", "rubyc-web\rubyc-web.csproj", "{E94CF0F5-F4D0-4868-848E-C81B13CAF824}"
EndProject
Global
	GlobalSection(SolutionConfigurationPlatforms) = preSolution
		Debug|Any CPU = Debug|Any CPU
		Release|Any CPU = Release|Any CPU
	EndGlobalSection
	GlobalSection(ProjectConfigurationPlatforms) = postSolution
		{E94CF0F5-F4D0-4868-848E-C81B13CAF824}.Debug|Any CPU.ActiveCfg = Debug|Any CPU
		{E94CF0F5-F4D0-4868-848E-C81B13CAF824}.Debug|Any CPU.Build.0 = Debug|Any CPU
		{E94CF0F5-F4D0-4868-848E-C81B13CAF824}.Release|Any CPU.ActiveCfg = Release|Any CPU
		{E94CF0F5-F4D0-4868-848E-C81B13CAF824}.Release|Any CPU.Build.0 = Release|Any CPU
	EndGlobalSection
EndGlobal
